<?xml version="1.0" encoding="utf-8"?>
<Project ToolsVersion="17.0" xmlns="http://schemas.microsoft.com/developer/msbuild/2003">
  <ItemGroup>
    <ClCompile Include="D:\kandidat_proj\agv-motion-mcu-firmware\core\api\comm_uart_api.cpp">
      <Filter>Source Files</Filter>
    </ClCompile>
    <ClCompile Include="D:\kandidat_proj\agv-motion-mcu-firmware\core\api\motor_api.cpp">
      <Filter>Source Files</Filter>
    </ClCompile>
    <ClCompile Include="D:\kandidat_proj\agv-motion-mcu-firmware\core\api\obstacle_api.cpp">
      <Filter>Source Files</Filter>
    </ClCompile>
    <ClCompile Include="D:\kandidat_proj\agv-motion-mcu-firmware\core\api\voltage_monitor_api.cpp">
      <Filter>Source Files</Filter>
    </ClCompile>
    <ClCompile Include="D:\kandidat_proj\agv-motion-mcu-firmware\core\control\local_positioning\encoder_model\encoder_model_pipeline.cpp">
      <Filter>Source Files</Filter>
    </ClCompile>
    <ClCompile Include="D:\kandidat_proj\agv-motion-mcu-firmware\core\control\local_positioning\encoder_model\confidence_estimation_encoders.cpp">
      <Filter>Source Files</Filter>
    </ClCompile>
    <ClCompile Include="D:\kandidat_proj\agv-motion-mcu-firmware\core\control\local_positioning\encoder_model\delta_estimation_encoders.cpp">
      <Filter>Source Files</Filter>
    </ClCompile>
    <ClCompile Include="D:\kandidat_proj\agv-motion-mcu-firmware\core\control\local_positioning\encoder_model\input_storage_encoders.cpp">
      <Filter>Source Files</Filter>
    </ClCompile>
    <ClCompile Include="D:\kandidat_proj\agv-motion-mcu-firmware\core\control\local_positioning\encoder_model\motion_model_encoders.cpp">
      <Filter>Source Files</Filter>
    </ClCompile>
    <ClCompile Include="D:\kandidat_proj\agv-motion-mcu-firmware\core\control\local_positioning\imu_model\delta_estimation_imu.cpp">
      <Filter>Source Files</Filter>
    </ClCompile>
    <ClCompile Include="D:\kandidat_proj\agv-motion-mcu-firmware\core\control\local_positioning\imu_model\input_storage_imu.cpp">
      <Filter>Source Files</Filter>
    </ClCompile>
    <ClCompile Include="D:\kandidat_proj\agv-motion-mcu-firmware\core\control\local_positioning\imu_model\stationary_detection_imu.cpp">
      <Filter>Source Files</Filter>
    </ClCompile>
    <ClCompile Include="D:\kandidat_proj\agv-motion-mcu-firmware\core\control\local_positioning\imu_model\motion_model_imu.cpp">
      <Filter>Source Files</Filter>
    </ClCompile>
    <ClCompile Include="D:\kandidat_proj\agv-motion-mcu-firmware\core\control\local_positioning\imu_model\imu_model_pipeline.cpp">
      <Filter>Source Files</Filter>
    </ClCompile>
    <ClCompile Include="D:\kandidat_proj\agv-motion-mcu-firmware\core\control\local_positioning\sensorfusion\sensorfusion_pipeline.cpp">
      <Filter>Source Files</Filter>
    </ClCompile>
    <ClCompile Include="D:\kandidat_proj\agv-motion-mcu-firmware\core\control\local_positioning\local_positioning.cpp">
      <Filter>Source Files</Filter>
    </ClCompile>
    <ClCompile Include="D:\kandidat_proj\agv-motion-mcu-firmware\core\control\local_positioning\sensorfusion\rotation\sensorfusion_rotation.cpp">
      <Filter>Source Files</Filter>
    </ClCompile>
    <ClCompile Include="D:\kandidat_proj\agv-motion-mcu-firmware\core\control\local_positioning\sensorfusion\rotation\encoder\sensorfusion_rotation_encoder.cpp">
      <Filter>Source Files</Filter>
    </ClCompile>
    <ClCompile Include="D:\kandidat_proj\agv-motion-mcu-firmware\core\control\local_positioning\sensorfusion\rotation\imu\sensorfusion_rotation_imu.cpp">
      <Filter>Source Files</Filter>
    </ClCompile>
    <ClCompile Include="D:\kandidat_proj\agv-motion-mcu-firmware\core\control\local_positioning\sensorfusion\translation\sensorfusion_translation.cpp">
      <Filter>Source Files</Filter>
    </ClCompile>
    <ClCompile Include="D:\kandidat_proj\agv-motion-mcu-firmware\core\control\local_positioning\sensorfusion\translation\encoder\sensorfusion_translation_encoder.cpp">
      <Filter>Source Files</Filter>
    </ClCompile>
    <ClCompile Include="D:\kandidat_proj\agv-motion-mcu-firmware\core\control\local_positioning\sensorfusion\translation\imu\sensorfusion_translation_imu.cpp">
      <Filter>Source Files</Filter>
    </ClCompile>
    <ClCompile Include="D:\kandidat_proj\agv-motion-mcu-firmware\core\control\imu_calibration\imu_calibration_pipeline.cpp">
      <Filter>Source Files</Filter>
    </ClCompile>
    <ClCompile Include="D:\kandidat_proj\agv-motion-mcu-firmware\core\control\imu_calibration\imu_calibration_drive_and_sample_alignment.cpp">
      <Filter>Source Files</Filter>
    </ClCompile>
    <ClCompile Include="D:\kandidat_proj\agv-motion-mcu-firmware\core\control\imu_calibration\imu_calibration_solve_and_set.cpp">
      <Filter>Source Files</Filter>
    </ClCompile>
    <ClCompile Include="D:\kandidat_proj\agv-motion-mcu-firmware\core\control\imu_calibration\imu_calibration_stop_and_sample_tare.cpp">
      <Filter>Source Files</Filter>
    </ClCompile>
    <ClCompile Include="D:\kandidat_proj\agv-motion-mcu-firmware\core\control\controller_robot_future.cpp">
      <Filter>Source Files</Filter>
    </ClCompile>
    <ClCompile Include="D:\kandidat_proj\agv-motion-mcu-firmware\core\control\robot_control.cpp">
      <Filter>Source Files</Filter>
    </ClCompile>
    <ClCompile Include="D:\kandidat_proj\agv-motion-mcu-firmware\core\impl\comm_uart_impl.cpp">
      <Filter>Source Files</Filter>
    </ClCompile>
    <ClCompile Include="D:\kandidat_proj\agv-motion-mcu-firmware\core\impl\motor_drv8871_impl.cpp">
      <Filter>Source Files</Filter>
    </ClCompile>
    <ClCompile Include="D:\kandidat_proj\agv-motion-mcu-firmware\core\impl\obstacle_hcsr04_impl.cpp">
      <Filter>Source Files</Filter>
    </ClCompile>
    <ClCompile Include="D:\kandidat_proj\agv-motion-mcu-firmware\core\impl\voltage_monitor_adc_impl.cpp">
      <Filter>Source Files</Filter>
    </ClCompile>
    <ClCompile Include="D:\kandidat_proj\agv-motion-mcu-firmware\core\state\agv_state.cpp">
      <Filter>Source Files</Filter>
    </ClCompile>
  </ItemGroup>
  <ItemGroup>
    <CustomBuild Include="D:\kandidat_proj\agv-motion-mcu-firmware\core\CMakeLists.txt" />
  </ItemGroup>
  <ItemGroup>
    <Filter Include="Source Files">
      <UniqueIdentifier>{981C015E-4C50-3FBC-9E12-E3E611581F38}</UniqueIdentifier>
    </Filter>
  </ItemGroup>
</Project>
